{
  "name": "paperclip-korean-ui",
  "version": "1.1.2",
  "lockfileVersion": 3,
  "requires": true,
  "packages": {
    "": {
      "name": "paperclip-korean-ui",
      "version": "1.1.2",
      "dependencies": {
        "@paperclipai/plugin-sdk": "2026.831.1"
      }
    },
    "node_modules/@paperclipai/plugin-sdk": {
      "version": "2026.831.1",
      "resolved": "https://registry.npmjs.org/@paperclipai/plugin-sdk/-/plugin-sdk-2026.831.1.tgz",
      "integrity": "sha512-de69dihx3PJOHBgJfy/Z1Oe5RmyxfsIdYFDJufFFtvr+oQlj3B83OntmNb/gaPCH3sKQ+rEIHY82Qx2fbIfD9w==",
      "license": "MIT",
      "dependencies": {
        "@paperclipai/shared": "2026.831.1",
        "zod": "^4.4.3"
      },
      "bin": {
        "paperclip-plugin-dev-server": "dist/dev-cli.js"
      },
      "engines": {
        "node": ">=24.11.0"
      },
      "peerDependencies": {
        "react": ">=18"
      },
      "peerDependenciesMeta": {
        "react": {
          "optional": true
        }
      }
    },
    "node_modules/@paperclipai/shared": {
      "version": "2026.831.1",
      "resolved": "https://registry.npmjs.org/@paperclipai/shared/-/shared-2026.831.1.tgz",
      "integrity": "sha512-rkpful4jL71GIl8+SRBD4oUm1Kcrz4V4RXz75kQYq8DX2xmLA0gKzcDWeenouYrAmFvzeOshDCQpc1u8FrN4xQ==",
      "license": "MIT",
      "dependencies": {
        "zod": "^4.4.3"
      },
      "engines": {
        "node": ">=24.11.0"
      }
    },
    "node_modules/zod": {
      "version": "4.5.4",
      "resolved": "https://registry.npmjs.org/zod/-/zod-4.5.4.tgz",
      "integrity": "sha512-sC95tT5iHHH9gtpj6A81kh+NEaRAUFN+qlUPDUbRfOMvNf5QCBqsb3WgvnpVtK5Y+4UfA6KqufotuTvMGiTlsA==",
      "license": "MIT",
      "funding": {
        "url": "https://github.com/sponsors/colinhacks"
      }
    }
  }
}
